github.com/sendgrid/rest v2.6.5+incompatible h1:MZsDqRdwKTHXNABhVgiZFLgVDN698H4QtFrTX3WlrN0=
github.com/sendgrid/rest v2.6.5+incompatible/go.mod h1:kXX7q3jZtJXK5c5qK83bSGMdV6tsOE70KbHoqJls4lE=
github.com/sendgrid/sendgrid-go v3.10.3+incompatible h1:p+gXRxF51RJTBlMUpVuWopM+UkLoZQ5ETyR2KLrH4zw=
github.com/sendgrid/sendgrid-go v3.10.3+incompatible/go.mod h1:QRQt+LX/NmgVEvmdRw0VT/QgUn499+iza2FnDca9fg8=
